
Microsoft Visual Studio Solution File, Format Version 12.00
# Visual Studio Version 16
VisualStudioVersion = 16.0.32901.82
MinimumVisualStudioVersion = 10.0.40219.1
Project("{FAE04EC0-301F-11D3-BF4B-00C04F79EFBC}") = "EsadMVCProje", "EsadMVCProje\EsadMVCProje.csproj", "{29BB5DAA-C0F9-4596-AE66-2EBB1135FD4E}"
EndProject
Global
	GlobalSection(SolutionConfigurationPlatforms) = preSolution
		Debug|Any CPU = Debug|Any CPU
		Release|Any CPU = Release|Any CPU
	EndGlobalSection
	GlobalSection(ProjectConfigurationPlatforms) = postSolution
		{29BB5DAA-C0F9-4596-AE66-2EBB1135FD4E}.Debug|Any CPU.ActiveCfg = Debug|Any CPU
		{29BB5DAA-C0F9-4596-AE66-2EBB1135FD4E}.Debug|Any CPU.Build.0 = Debug|Any CPU
		{29BB5DAA-C0F9-4596-AE66-2EBB1135FD4E}.Release|Any CPU.ActiveCfg = Release|Any CPU
		{29BB5DAA-C0F9-4596-AE66-2EBB1135FD4E}.Release|Any CPU.Build.0 = Release|Any CPU
	EndGlobalSection
	GlobalSection(SolutionProperties) = preSolution
		HideSolutionNode = FALSE
	EndGlobalSection
	GlobalSection(ExtensibilityGlobals) = postSolution
		SolutionGuid = {A14DEB0B-C904-4558-BFEB-CA169A1B1218}
	EndGlobalSection
EndGlobal
